github.com/google/go-cmp v0.6.0 h1:ofyhxvXcZhMsU5ulbFiLKl/XBFqE1GSq7atu8tAmTRI=
github.com/google/go-cmp v0.6.0/go.mod h1:17dUlkBOakJ0+DkrSSNjCkIjxS6bF9zb3elmeNGIjoY=
github.com/joho/godotenv v1.5.1 h1:7eLL/+HRGLY0ldzfGMeQkb7vMd0as4CfYvUVzLqw0N0=
github.com/joho/godotenv v1.5.1/go.mod h1:f4LDr5Voq0i2e/R5DDNOoa2zzDfwtkZa6DnEwAbqwq4=
github.com/mattn/go-sqlite3 v1.14.23 h1:gbShiuAP1W5j9UOksQ06aiiqPMxYecovVGwmTxWtuw0=
github.com/mattn/go-sqlite3 v1.14.23/go.mod h1:Uh1q+B4BYcTPb+yiD3kU8Ct7aC0hY9fxUwlHK0RXw+Y=
github.com/tksasha/formula v0.0.4 h1:SwXxMPlWPL/CSHQaGmLKpQ+kVr6urMHdAHZpEL6yIMI=
github.com/tksasha/formula v0.0.4/go.mod h1:WwytmDSaoI2f9MZsFiRdeNb5gCJWfZrO319E59CHoP0=
github.com/tksasha/model v0.1.3 h1:CUqMAFPESReJOkyJZVUtKb2zLkhuzFwZDe4Q+m8bYMU=
github.com/tksasha/model v0.1.3/go.mod h1:n0jbh5n+/twLl6CI8ufiB16AJpQpTf3g/ZtlYwFGsqI=
github.com/tksasha/model v0.1.4 h1:I1jLfXrBnwYOKtE1zY8gh/fifKYacdU2km+onEp9isY=
github.com/tksasha/model v0.1.4/go.mod h1:n0jbh5n+/twLl6CI8ufiB16AJpQpTf3g/ZtlYwFGsqI=
github.com/tksasha/utils v0.0.2 h1:Qrj+bKZK6GoI6kIgkkoKIWUTHlP5WAKZeti+PS3HFQs=
github.com/tksasha/utils v0.0.2/go.mod h1:4uFmj/MGfOGUuIEy0xPpoXrOWBQqXzeD544+N3hHvWQ=
golang.org/x/text v0.18.0 h1:XvMDiNzPAl0jr17s6W9lcaIhGUfUORdGCNsuLmPG224=
golang.org/x/text v0.18.0/go.mod h1:BuEKDfySbSR4drPmRPG/7iBdf8hvFMuRexcpahXilzY=
gotest.tools/v3 v3.5.1 h1:EENdUnS3pdur5nybKYIh2Vfgc8IUNBjxDPSjtiJcOzU=
gotest.tools/v3 v3.5.1/go.mod h1:isy3WKz7GK6uNw/sbHzfKBLvlvXwUyV06n6brMxxopU=
