github.com/google/go-cmp v0.6.0 h1:ofyhxvXcZhMsU5ulbFiLKl/XBFqE1GSq7atu8tAmTRI=
github.com/google/go-cmp v0.6.0/go.mod h1:17dUlkBOakJ0+DkrSSNjCkIjxS6bF9zb3elmeNGIjoY=
github.com/google/wire v0.7.0 h1:JxUKI6+CVBgCO2WToKy/nQk0sS+amI9z9EjVmdaocj4=
github.com/google/wire v0.7.0/go.mod h1:n6YbUQD9cPKTnHXEBN2DXlOp/mVADhVErcMFb0v3J18=
github.com/joho/godotenv v1.5.1 h1:7eLL/+HRGLY0ldzfGMeQkb7vMd0as4CfYvUVzLqw0N0=
github.com/joho/godotenv v1.5.1/go.mod h1:f4LDr5Voq0i2e/R5DDNOoa2zzDfwtkZa6DnEwAbqwq4=
github.com/mattn/go-sqlite3 v1.14.33 h1:A5blZ5ulQo2AtayQ9/limgHEkFreKj1Dv226a1K73s0=
github.com/mattn/go-sqlite3 v1.14.33/go.mod h1:Uh1q+B4BYcTPb+yiD3kU8Ct7aC0hY9fxUwlHK0RXw+Y=
github.com/mrxrsd/gojacego v1.0.0 h1:xxPb0fKX0JdV+3iSUP7gYmg+uogUjQhx0qxGNvOU0o0=
github.com/mrxrsd/gojacego v1.0.0/go.mod h1:ZKyj95Kcm8aI1h5M6AUSV2HuTHf/l5YWeImgbLPP/PU=
github.com/shopspring/decimal v1.4.0 h1:bxl37RwXBklmTi0C79JfXCEBD1cqqHt0bbgBAGFp81k=
github.com/shopspring/decimal v1.4.0/go.mod h1:gawqmDU56v4yIKSwfBSFip1HdCCXN8/+DMd9qYNcwME=
github.com/tksasha/calculator v0.0.10 h1:SCEd7GfPO/4VUFTns4l0SfSKSXjsxS6EZ8tHa81tw1U=
github.com/tksasha/calculator v0.0.10/go.mod h1:AFFebfXmytHY0NMDdhSz/utu6ZmUVD0+I1BzjF1ic5I=
github.com/tksasha/month v0.0.8 h1:4iWlzI9Wv+pudHx5oMVu7zjkatl+IEQPf1KtZW96ITA=
github.com/tksasha/month v0.0.8/go.mod h1:nbE6O9dHsYZL8TLLSdRq61hYo+FBCL+ePc6Hn5S3bz4=
github.com/tksasha/validation v0.0.7 h1:GrGiemGv84dRmx2aGOUoRx6UCEE9UuooFrQ2TKLmPBA=
github.com/tksasha/validation v0.0.7/go.mod h1:y7xcPy0bRE+UzRS6voV0TnzjDwUXlsx45Yz3tPg+vkU=
github.com/tksasha/xstrings v0.0.6 h1:hsJ3t2xNFCU0G8ic7GZ4age7hmvgWg6B6yHREMRDv24=
github.com/tksasha/xstrings v0.0.6/go.mod h1:217iIw2FzncxVqDdKPNkPl51IgUESFom1XuyD6cEtpw=
go.uber.org/mock v0.6.0 h1:hyF9dfmbgIX5EfOdasqLsWD6xqpNZlXblLB/Dbnwv3Y=
go.uber.org/mock v0.6.0/go.mod h1:KiVJ4BqZJaMj4svdfmHM0AUx4NJYO8ZNpPnZn1Z+BBU=
golang.org/x/text v0.32.0 h1:ZD01bjUt1FQ9WJ0ClOL5vxgxOI/sVCNgX1YtKwcY0mU=
golang.org/x/text v0.32.0/go.mod h1:o/rUWzghvpD5TXrTIBuJU77MTaN0ljMWE47kxGJQ7jY=
gotest.tools/v3 v3.5.2 h1:7koQfIKdy+I8UTetycgUqXWSDwpgv193Ka+qRsmBY8Q=
gotest.tools/v3 v3.5.2/go.mod h1:LtdLGcnqToBH83WByAAi/wiwSFCArdFIUV/xxN4pcjA=
maragu.dev/gomponents v1.2.0 h1:H7/N5htz1GCnhu0HB1GasluWeU2rJZOYztVEyN61iTc=
maragu.dev/gomponents v1.2.0/go.mod h1:oEDahza2gZoXDoDHhw8jBNgH+3UR5ni7Ur648HORydM=
maragu.dev/gomponents-htmx v0.6.1 h1:vXXOkvqEDKYxSwD1UwqmVp12YwFSuM6u8lsRn7Evyng=
maragu.dev/gomponents-htmx v0.6.1/go.mod h1:51nXX+dTGff3usM7AJvbeOcQjzjpSycod+60CYeEP/M=
